
Microsoft Visual Studio Solution File, Format Version 12.00
# Visual Studio Version 16
VisualStudioVersion = 16.0.30204.135
MinimumVisualStudioVersion = 10.0.40219.1
Project("{FAE04EC0-301F-11D3-BF4B-00C04F79EFBC}") = "BeatifuldaysattheMovies", "BeatifuldaysattheMovies\BeatifuldaysattheMovies.csproj", "{181AF84B-FD53-4286-8534-F498D74B8B73}"
EndProject
Global
	GlobalSection(SolutionConfigurationPlatforms) = preSolution
		Debug|Any CPU = Debug|Any CPU
		Release|Any CPU = Release|Any CPU
	EndGlobalSection
	GlobalSection(ProjectConfigurationPlatforms) = postSolution
		{181AF84B-FD53-4286-8534-F498D74B8B73}.Debug|Any CPU.ActiveCfg = Debug|Any CPU
		{181AF84B-FD53-4286-8534-F498D74B8B73}.Debug|Any CPU.Build.0 = Debug|Any CPU
		{181AF84B-FD53-4286-8534-F498D74B8B73}.Release|Any CPU.ActiveCfg = Release|Any CPU
		{181AF84B-FD53-4286-8534-F498D74B8B73}.Release|Any CPU.Build.0 = Release|Any CPU
	EndGlobalSection
	GlobalSection(SolutionProperties) = preSolution
		HideSolutionNode = FALSE
	EndGlobalSection
	GlobalSection(ExtensibilityGlobals) = postSolution
		SolutionGuid = {24886327-8D70-48FB-A371-788B9BD09741}
	EndGlobalSection
EndGlobal
